
Microsoft Visual Studio Solution File, Format Version 12.00
# Visual Studio 15
Project("{FAE04EC0-301F-11D3-BF4B-00C04F79EFBC}") = "PONGAME", "PONGAME.csproj", "{4E40D7C1-4CF1-6BFE-2B60-430E8CCF6473}"
EndProject
Global
	GlobalSection(SolutionConfigurationPlatforms) = preSolution
		Debug|Any CPU = Debug|Any CPU
		Release|Any CPU = Release|Any CPU
	EndGlobalSection
	GlobalSection(ProjectConfigurationPlatforms) = postSolution
		{4E40D7C1-4CF1-6BFE-2B60-430E8CCF6473}.Debug|Any CPU.ActiveCfg = Debug|Any CPU
		{4E40D7C1-4CF1-6BFE-2B60-430E8CCF6473}.Debug|Any CPU.Build.0 = Debug|Any CPU
		{4E40D7C1-4CF1-6BFE-2B60-430E8CCF6473}.Release|Any CPU.ActiveCfg = Release|Any CPU
		{4E40D7C1-4CF1-6BFE-2B60-430E8CCF6473}.Release|Any CPU.Build.0 = Release|Any CPU
	EndGlobalSection
	GlobalSection(SolutionProperties) = preSolution
		HideSolutionNode = FALSE
	EndGlobalSection
EndGlobal
